Microsoft Visual Studio Solution File, Format Version 12.00
# Visual Studio 14
VisualStudioVersion = 14.0.25420.1
MinimumVisualStudioVersion = 10.0.40219.1
Project("{8BC9CEB8-8B4A-11D0-8D11-00A0C91BC942}") = "benchmark", "src\benchmark.vcxproj", "{79F657A2-134B-37B6-B858-B06851F7E754}"
EndProject
Project("{8BC9CEB8-8B4A-11D0-8D11-00A0C91BC942}") = "benchmark_test", "test\benchmark_test.vcxproj", "{85780D99-59EA-30DF-B9A7-94834A42923D}"
	ProjectSection(ProjectDependencies) = postProject
		{79F657A2-134B-37B6-B858-B06851F7E754} = {79F657A2-134B-37B6-B858-B06851F7E754}
	EndProjectSection
EndProject
Global
	GlobalSection(SolutionConfigurationPlatforms) = preSolution
		Debug|Win32 = Debug|Win32
		MinSizeRel|Win32 = MinSizeRel|Win32
		Release|Win32 = Release|Win32
		RelWithDebInfo|Win32 = RelWithDebInfo|Win32
	EndGlobalSection
	GlobalSection(ProjectConfigurationPlatforms) = postSolution
		{79F657A2-134B-37B6-B858-B06851F7E754}.Debug|Win32.ActiveCfg = Debug|Win32
		{79F657A2-134B-37B6-B858-B06851F7E754}.Debug|Win32.Build.0 = Debug|Win32
		{79F657A2-134B-37B6-B858-B06851F7E754}.MinSizeRel|Win32.ActiveCfg = MinSizeRel|Win32
		{79F657A2-134B-37B6-B858-B06851F7E754}.MinSizeRel|Win32.Build.0 = MinSizeRel|Win32
		{79F657A2-134B-37B6-B858-B06851F7E754}.Release|Win32.ActiveCfg = Release|Win32
		{79F657A2-134B-37B6-B858-B06851F7E754}.Release|Win32.Build.0 = Release|Win32
		{79F657A2-134B-37B6-B858-B06851F7E754}.RelWithDebInfo|Win32.ActiveCfg = RelWithDebInfo|Win32
		{79F657A2-134B-37B6-B858-B06851F7E754}.RelWithDebInfo|Win32.Build.0 = RelWithDebInfo|Win32
		{85780D99-59EA-30DF-B9A7-94834A42923D}.Debug|Win32.ActiveCfg = Debug|Win32
		{85780D99-59EA-30DF-B9A7-94834A42923D}.Debug|Win32.Build.0 = Debug|Win32
		{85780D99-59EA-30DF-B9A7-94834A42923D}.MinSizeRel|Win32.ActiveCfg = MinSizeRel|Win32
		{85780D99-59EA-30DF-B9A7-94834A42923D}.MinSizeRel|Win32.Build.0 = MinSizeRel|Win32
		{85780D99-59EA-30DF-B9A7-94834A42923D}.Release|Win32.ActiveCfg = Release|Win32
		{85780D99-59EA-30DF-B9A7-94834A42923D}.Release|Win32.Build.0 = Release|Win32
		{85780D99-59EA-30DF-B9A7-94834A42923D}.RelWithDebInfo|Win32.ActiveCfg = RelWithDebInfo|Win32
		{85780D99-59EA-30DF-B9A7-94834A42923D}.RelWithDebInfo|Win32.Build.0 = RelWithDebInfo|Win32
	EndGlobalSection
	GlobalSection(SolutionProperties) = preSolution
		HideSolutionNode = FALSE
	EndGlobalSection
EndGlobal
