<?xml version="1.0" encoding="UTF-8"?>
<Project ToolsVersion="14.0" xmlns="http://schemas.microsoft.com/developer/msbuild/2003">
  <ItemGroup>
    <ClCompile Include="D:\USR\benchmark-1.1.0\src\benchmark.cc">
      <Filter>Source Files</Filter>
    </ClCompile>
    <ClCompile Include="D:\USR\benchmark-1.1.0\src\benchmark_register.cc">
      <Filter>Source Files</Filter>
    </ClCompile>
    <ClCompile Include="D:\USR\benchmark-1.1.0\src\colorprint.cc">
      <Filter>Source Files</Filter>
    </ClCompile>
    <ClCompile Include="D:\USR\benchmark-1.1.0\src\commandlineflags.cc">
      <Filter>Source Files</Filter>
    </ClCompile>
    <ClCompile Include="D:\USR\benchmark-1.1.0\src\complexity.cc">
      <Filter>Source Files</Filter>
    </ClCompile>
    <ClCompile Include="D:\USR\benchmark-1.1.0\src\console_reporter.cc">
      <Filter>Source Files</Filter>
    </ClCompile>
    <ClCompile Include="D:\USR\benchmark-1.1.0\src\csv_reporter.cc">
      <Filter>Source Files</Filter>
    </ClCompile>
    <ClCompile Include="D:\USR\benchmark-1.1.0\src\json_reporter.cc">
      <Filter>Source Files</Filter>
    </ClCompile>
    <ClCompile Include="D:\USR\benchmark-1.1.0\src\reporter.cc">
      <Filter>Source Files</Filter>
    </ClCompile>
    <ClCompile Include="D:\USR\benchmark-1.1.0\src\sleep.cc">
      <Filter>Source Files</Filter>
    </ClCompile>
    <ClCompile Include="D:\USR\benchmark-1.1.0\src\string_util.cc">
      <Filter>Source Files</Filter>
    </ClCompile>
    <ClCompile Include="D:\USR\benchmark-1.1.0\src\sysinfo.cc">
      <Filter>Source Files</Filter>
    </ClCompile>
    <ClCompile Include="D:\USR\benchmark-1.1.0\src\timers.cc">
      <Filter>Source Files</Filter>
    </ClCompile>
  </ItemGroup>
  <ItemGroup>
    <ClInclude Include="D:\USR\benchmark-1.1.0\include\benchmark\benchmark.h">
      <Filter>Header Files</Filter>
    </ClInclude>
    <ClInclude Include="D:\USR\benchmark-1.1.0\include\benchmark\benchmark_api.h">
      <Filter>Header Files</Filter>
    </ClInclude>
    <ClInclude Include="D:\USR\benchmark-1.1.0\include\benchmark\macros.h">
      <Filter>Header Files</Filter>
    </ClInclude>
    <ClInclude Include="D:\USR\benchmark-1.1.0\include\benchmark\reporter.h">
      <Filter>Header Files</Filter>
    </ClInclude>
    <ClInclude Include="D:\USR\benchmark-1.1.0\src\arraysize.h">
      <Filter>Header Files</Filter>
    </ClInclude>
    <ClInclude Include="D:\USR\benchmark-1.1.0\src\benchmark_api_internal.h">
      <Filter>Header Files</Filter>
    </ClInclude>
    <ClInclude Include="D:\USR\benchmark-1.1.0\src\check.h">
      <Filter>Header Files</Filter>
    </ClInclude>
    <ClInclude Include="D:\USR\benchmark-1.1.0\src\colorprint.h">
      <Filter>Header Files</Filter>
    </ClInclude>
    <ClInclude Include="D:\USR\benchmark-1.1.0\src\commandlineflags.h">
      <Filter>Header Files</Filter>
    </ClInclude>
    <ClInclude Include="D:\USR\benchmark-1.1.0\src\complexity.h">
      <Filter>Header Files</Filter>
    </ClInclude>
    <ClInclude Include="D:\USR\benchmark-1.1.0\src\cycleclock.h">
      <Filter>Header Files</Filter>
    </ClInclude>
    <ClInclude Include="D:\USR\benchmark-1.1.0\src\internal_macros.h">
      <Filter>Header Files</Filter>
    </ClInclude>
    <ClInclude Include="D:\USR\benchmark-1.1.0\src\log.h">
      <Filter>Header Files</Filter>
    </ClInclude>
    <ClInclude Include="D:\USR\benchmark-1.1.0\src\mutex.h">
      <Filter>Header Files</Filter>
    </ClInclude>
    <ClInclude Include="D:\USR\benchmark-1.1.0\src\re.h">
      <Filter>Header Files</Filter>
    </ClInclude>
    <ClInclude Include="D:\USR\benchmark-1.1.0\src\sleep.h">
      <Filter>Header Files</Filter>
    </ClInclude>
    <ClInclude Include="D:\USR\benchmark-1.1.0\src\stat.h">
      <Filter>Header Files</Filter>
    </ClInclude>
    <ClInclude Include="D:\USR\benchmark-1.1.0\src\string_util.h">
      <Filter>Header Files</Filter>
    </ClInclude>
    <ClInclude Include="D:\USR\benchmark-1.1.0\src\sysinfo.h">
      <Filter>Header Files</Filter>
    </ClInclude>
    <ClInclude Include="D:\USR\benchmark-1.1.0\src\timers.h">
      <Filter>Header Files</Filter>
    </ClInclude>
  </ItemGroup>
  <ItemGroup>
    <CustomBuild Include="D:\USR\benchmark-1.1.0\src\CMakeLists.txt" />
  </ItemGroup>
  <ItemGroup>
    <Filter Include="Source Files">
      <UniqueIdentifier>{AD2EBAD3-DF29-37D2-9CE5-6319F134C779}</UniqueIdentifier>
    </Filter>
    <Filter Include="Header Files">
      <UniqueIdentifier>{93872E38-DC50-3B26-BBF6-9999BCF7EAB9}</UniqueIdentifier>
    </Filter>
  </ItemGroup>
</Project>
